
Microsoft Visual Studio Solution File, Format Version 12.00
# Visual Studio Version 16
VisualStudioVersion = 16.0.29306.81
MinimumVisualStudioVersion = 10.0.40219.1
Project("{FAE04EC0-301F-11D3-BF4B-00C04F79EFBC}") = "IOBoard", "IOBoard\IOBoard.csproj", "{78E32E89-DBAF-4404-8577-23F2071F931A}"
EndProject
Global
	GlobalSection(SolutionConfigurationPlatforms) = preSolution
		Debug|Any CPU = Debug|Any CPU
		Release|Any CPU = Release|Any CPU
	EndGlobalSection
	GlobalSection(ProjectConfigurationPlatforms) = postSolution
		{78E32E89-DBAF-4404-8577-23F2071F931A}.Debug|Any CPU.ActiveCfg = Debug|Any CPU
		{78E32E89-DBAF-4404-8577-23F2071F931A}.Debug|Any CPU.Build.0 = Debug|Any CPU
		{78E32E89-DBAF-4404-8577-23F2071F931A}.Release|Any CPU.ActiveCfg = Release|Any CPU
		{78E32E89-DBAF-4404-8577-23F2071F931A}.Release|Any CPU.Build.0 = Release|Any CPU
	EndGlobalSection
	GlobalSection(SolutionProperties) = preSolution
		HideSolutionNode = FALSE
	EndGlobalSection
	GlobalSection(ExtensibilityGlobals) = postSolution
		SolutionGuid = {FA331342-A9DA-4395-9C7E-9EBB086A7F34}
	EndGlobalSection
EndGlobal
